Microsoft Visual Studio Solution File, Format Version 11.00
# Visual Studio Version 16
Project("{8BC9CEB8-8B4A-11D0-8D11-00A0C91BC942}") = "DxDiagOutput", "DxDiagOutput_2019.vcxproj", "{A0763B6A-73EC-42D1-A283-F07D7613AC3C}"
EndProject
Global
	GlobalSection(SolutionConfigurationPlatforms) = preSolution
		Debug|Win32 = Debug|Win32
		Debug|x64 = Debug|x64
		Profile|Win32 = Profile|Win32
		Profile|x64 = Profile|x64
		Release|Win32 = Release|Win32
		Release|x64 = Release|x64
	EndGlobalSection
	GlobalSection(ProjectConfigurationPlatforms) = postSolution
		{A0763B6A-73EC-42D1-A283-F07D7613AC3C}.Debug|Win32.ActiveCfg = Debug|Win32
		{A0763B6A-73EC-42D1-A283-F07D7613AC3C}.Debug|Win32.Build.0 = Debug|Win32
		{A0763B6A-73EC-42D1-A283-F07D7613AC3C}.Debug|x64.ActiveCfg = Debug|x64
		{A0763B6A-73EC-42D1-A283-F07D7613AC3C}.Debug|x64.Build.0 = Debug|x64
		{A0763B6A-73EC-42D1-A283-F07D7613AC3C}.Profile|Win32.ActiveCfg = Profile|Win32
		{A0763B6A-73EC-42D1-A283-F07D7613AC3C}.Profile|Win32.Build.0 = Profile|Win32
		{A0763B6A-73EC-42D1-A283-F07D7613AC3C}.Profile|x64.ActiveCfg = Profile|x64
		{A0763B6A-73EC-42D1-A283-F07D7613AC3C}.Profile|x64.Build.0 = Profile|x64
		{A0763B6A-73EC-42D1-A283-F07D7613AC3C}.Release|Win32.ActiveCfg = Release|Win32
		{A0763B6A-73EC-42D1-A283-F07D7613AC3C}.Release|Win32.Build.0 = Release|Win32
		{A0763B6A-73EC-42D1-A283-F07D7613AC3C}.Release|x64.ActiveCfg = Release|x64
		{A0763B6A-73EC-42D1-A283-F07D7613AC3C}.Release|x64.Build.0 = Release|x64
	EndGlobalSection
	GlobalSection(SolutionProperties) = preSolution
		HideSolutionNode = FALSE
	EndGlobalSection
EndGlobal
