<?xml version="1.0" encoding="utf-8"?>
<Project ToolsVersion="4.0" xmlns:atg="http://atg.xbox.com" xmlns="http://schemas.microsoft.com/developer/msbuild/2003">
  <ItemGroup>
    <Filter Include="Resource Files">
      <UniqueIdentifier>{8e114980-c1a3-4ada-ad7c-83caadf5daeb}</UniqueIdentifier>
      <Extensions>rc;ico;cur;bmp;dlg;rc2;rct;bin;rgs;gif;jpg;jpeg;jpe</Extensions>
    </Filter>
    <Filter Include="Shaders">
      <UniqueIdentifier>{2c3d4c8c-5d1a-459a-a05a-a4e4b608a44e}</UniqueIdentifier>
      <Extensions>fx;fxh;hlsl</Extensions>
    </Filter>
  </ItemGroup>
  <ItemGroup>
    <None Include="..\DXUT\Optional\directx.ico">
      <Filter>Resource Files</Filter>
    </None>
  </ItemGroup>
  <ItemGroup>
    <ClCompile Include="DynamicShaderLinkageFX11.cpp" />
  </ItemGroup>
  <ItemGroup>
    <None Include="DynamicShaderLinkageFX11_ps.hlsl">
      <Filter>Shaders</Filter>
    </None>
    <None Include="DynamicShaderLinkageFX11_vs.hlsl">
      <Filter>Shaders</Filter>
    </None>
    <None Include="DynamicShaderLinkageFX11.fx">
      <Filter>Shaders</Filter>
    </None>
    <None Include="DynamicShaderLinkageFX11_PSBuffers.h">
      <Filter>Shaders</Filter>
    </None>
    <None Include="DynamicShaderLinkageFX11_LightPSH.h">
      <Filter>Shaders</Filter>
    </None>
    <None Include="DynamicShaderLinkageFX11_MaterialPSH.h">
      <Filter>Shaders</Filter>
    </None>
  </ItemGroup>
  <ItemGroup>
    <CLInclude Include="resource.h">
      <Filter>Resource Files</Filter>
    </CLInclude>
    <ResourceCompile Include="DynamicShaderLinkageFX11.rc">
      <Filter>Resource Files</Filter>
    </ResourceCompile>
  </ItemGroup>
  <ItemGroup>
  </ItemGroup>
</Project>