
Microsoft Visual Studio Solution File, Format Version 12.00
# Visual Studio Version 16
VisualStudioVersion = 15.0.28307.960
MinimumVisualStudioVersion = 10.0.40219.1
Project("{8BC9CEB8-8B4A-11D0-8D11-00A0C91BC942}") = "XAudio2BasicSound", "XAudio2BasicSound\XAudio2BasicSound_NuGetRedist_2019.vcxproj", "{1247D15D-5E45-4600-8282-08E00743E70A}"
EndProject
Project("{8BC9CEB8-8B4A-11D0-8D11-00A0C91BC942}") = "XAudio2AsyncStream", "XAudio2AsyncStream\XAudio2AsyncStream_NuGetRedist_2019.vcxproj", "{D58411F1-A50B-4FC3-A9BF-374285EAD4AB}"
EndProject
Project("{8BC9CEB8-8B4A-11D0-8D11-00A0C91BC942}") = "XAudio2Enumerate", "XAudio2Enumerate\XAudio2Enumerate_NuGetRedist_2019.vcxproj", "{ED321F2B-B836-44DD-81FA-80767F9029B1}"
EndProject
Project("{8BC9CEB8-8B4A-11D0-8D11-00A0C91BC942}") = "XAudio2MFStream", "XAudio2MFStream\XAudio2MFStream_NuGetRedist_2019.vcxproj", "{C3C23E2F-4589-4E8B-BFF9-F61525792B35}"
EndProject
Project("{8BC9CEB8-8B4A-11D0-8D11-00A0C91BC942}") = "XAudio2Sound3D", "XAudio2Sound3D\XAudio2Sound3D_NuGetRedist_2019.vcxproj", "{DC2D80DD-B1D7-4834-92AE-1D96F698DF8B}"
EndProject
Project("{8BC9CEB8-8B4A-11D0-8D11-00A0C91BC942}") = "DXUT", "..\DXUT\Core\DXUT_2019_Win10.vcxproj", "{85344B7F-5AA0-4E12-A065-D1333D11F6CA}"
EndProject
Project("{8BC9CEB8-8B4A-11D0-8D11-00A0C91BC942}") = "DXUTOpt", "..\DXUT\Optional\DXUTOpt_2019_Win10.vcxproj", "{61B333C2-C4F7-4CC1-A9BF-83F6D95588EB}"
EndProject
Project("{8BC9CEB8-8B4A-11D0-8D11-00A0C91BC942}") = "XAudio2WaveBank", "XAudio2WaveBank\XAudio2WaveBank_NuGetRedist_2019.vcxproj", "{E50139B8-EBD4-4137-B29C-A343E7B8A527}"
EndProject
Project("{8BC9CEB8-8B4A-11D0-8D11-00A0C91BC942}") = "XWBTool", "XWBTool\XWBTool_2019.vcxproj", "{C7AB4186-54B2-4244-A533-77494763EA1D}"
EndProject
Project("{8BC9CEB8-8B4A-11D0-8D11-00A0C91BC942}") = "XAudio2CustomAPO", "XAudio2CustomAPO\XAudio2CustomAPO_NuGetRedist_2019.vcxproj", "{728AEDE7-18AB-4C95-98C1-3030F948EBB8}"
EndProject
Global
	GlobalSection(SolutionConfigurationPlatforms) = preSolution
		Debug|x64 = Debug|x64
		Debug|Win32 = Debug|Win32
		Profile|x64 = Profile|x64
		Profile|Win32 = Profile|Win32
		Release|x64 = Release|x64
		Release|Win32 = Release|Win32
	EndGlobalSection
	GlobalSection(ProjectConfigurationPlatforms) = postSolution
		{1247D15D-5E45-4600-8282-08E00743E70A}.Debug|x64.ActiveCfg = Debug|x64
		{1247D15D-5E45-4600-8282-08E00743E70A}.Debug|x64.Build.0 = Debug|x64
		{1247D15D-5E45-4600-8282-08E00743E70A}.Debug|Win32.ActiveCfg = Debug|Win32
		{1247D15D-5E45-4600-8282-08E00743E70A}.Debug|Win32.Build.0 = Debug|Win32
		{1247D15D-5E45-4600-8282-08E00743E70A}.Profile|x64.ActiveCfg = Release|x64
		{1247D15D-5E45-4600-8282-08E00743E70A}.Profile|x64.Build.0 = Release|x64
		{1247D15D-5E45-4600-8282-08E00743E70A}.Profile|Win32.ActiveCfg = Release|Win32
		{1247D15D-5E45-4600-8282-08E00743E70A}.Profile|Win32.Build.0 = Release|Win32
		{1247D15D-5E45-4600-8282-08E00743E70A}.Release|x64.ActiveCfg = Release|x64
		{1247D15D-5E45-4600-8282-08E00743E70A}.Release|x64.Build.0 = Release|x64
		{1247D15D-5E45-4600-8282-08E00743E70A}.Release|Win32.ActiveCfg = Release|Win32
		{1247D15D-5E45-4600-8282-08E00743E70A}.Release|Win32.Build.0 = Release|Win32
		{D58411F1-A50B-4FC3-A9BF-374285EAD4AB}.Debug|x64.ActiveCfg = Debug|x64
		{D58411F1-A50B-4FC3-A9BF-374285EAD4AB}.Debug|x64.Build.0 = Debug|x64
		{D58411F1-A50B-4FC3-A9BF-374285EAD4AB}.Debug|Win32.ActiveCfg = Debug|Win32
		{D58411F1-A50B-4FC3-A9BF-374285EAD4AB}.Debug|Win32.Build.0 = Debug|Win32
		{D58411F1-A50B-4FC3-A9BF-374285EAD4AB}.Profile|x64.ActiveCfg = Release|x64
		{D58411F1-A50B-4FC3-A9BF-374285EAD4AB}.Profile|x64.Build.0 = Release|x64
		{D58411F1-A50B-4FC3-A9BF-374285EAD4AB}.Profile|Win32.ActiveCfg = Release|Win32
		{D58411F1-A50B-4FC3-A9BF-374285EAD4AB}.Profile|Win32.Build.0 = Release|Win32
		{D58411F1-A50B-4FC3-A9BF-374285EAD4AB}.Release|x64.ActiveCfg = Release|x64
		{D58411F1-A50B-4FC3-A9BF-374285EAD4AB}.Release|x64.Build.0 = Release|x64
		{D58411F1-A50B-4FC3-A9BF-374285EAD4AB}.Release|Win32.ActiveCfg = Release|Win32
		{D58411F1-A50B-4FC3-A9BF-374285EAD4AB}.Release|Win32.Build.0 = Release|Win32
		{ED321F2B-B836-44DD-81FA-80767F9029B1}.Debug|x64.ActiveCfg = Debug|x64
		{ED321F2B-B836-44DD-81FA-80767F9029B1}.Debug|x64.Build.0 = Debug|x64
		{ED321F2B-B836-44DD-81FA-80767F9029B1}.Debug|Win32.ActiveCfg = Debug|Win32
		{ED321F2B-B836-44DD-81FA-80767F9029B1}.Debug|Win32.Build.0 = Debug|Win32
		{ED321F2B-B836-44DD-81FA-80767F9029B1}.Profile|x64.ActiveCfg = Release|x64
		{ED321F2B-B836-44DD-81FA-80767F9029B1}.Profile|x64.Build.0 = Release|x64
		{ED321F2B-B836-44DD-81FA-80767F9029B1}.Profile|Win32.ActiveCfg = Release|Win32
		{ED321F2B-B836-44DD-81FA-80767F9029B1}.Profile|Win32.Build.0 = Release|Win32
		{ED321F2B-B836-44DD-81FA-80767F9029B1}.Release|x64.ActiveCfg = Release|x64
		{ED321F2B-B836-44DD-81FA-80767F9029B1}.Release|x64.Build.0 = Release|x64
		{ED321F2B-B836-44DD-81FA-80767F9029B1}.Release|Win32.ActiveCfg = Release|Win32
		{ED321F2B-B836-44DD-81FA-80767F9029B1}.Release|Win32.Build.0 = Release|Win32
		{C3C23E2F-4589-4E8B-BFF9-F61525792B35}.Debug|x64.ActiveCfg = Debug|x64
		{C3C23E2F-4589-4E8B-BFF9-F61525792B35}.Debug|x64.Build.0 = Debug|x64
		{C3C23E2F-4589-4E8B-BFF9-F61525792B35}.Debug|Win32.ActiveCfg = Debug|Win32
		{C3C23E2F-4589-4E8B-BFF9-F61525792B35}.Debug|Win32.Build.0 = Debug|Win32
		{C3C23E2F-4589-4E8B-BFF9-F61525792B35}.Profile|x64.ActiveCfg = Release|x64
		{C3C23E2F-4589-4E8B-BFF9-F61525792B35}.Profile|x64.Build.0 = Release|x64
		{C3C23E2F-4589-4E8B-BFF9-F61525792B35}.Profile|Win32.ActiveCfg = Release|Win32
		{C3C23E2F-4589-4E8B-BFF9-F61525792B35}.Profile|Win32.Build.0 = Release|Win32
		{C3C23E2F-4589-4E8B-BFF9-F61525792B35}.Release|x64.ActiveCfg = Release|x64
		{C3C23E2F-4589-4E8B-BFF9-F61525792B35}.Release|x64.Build.0 = Release|x64
		{C3C23E2F-4589-4E8B-BFF9-F61525792B35}.Release|Win32.ActiveCfg = Release|Win32
		{C3C23E2F-4589-4E8B-BFF9-F61525792B35}.Release|Win32.Build.0 = Release|Win32
		{DC2D80DD-B1D7-4834-92AE-1D96F698DF8B}.Debug|x64.ActiveCfg = Debug|x64
		{DC2D80DD-B1D7-4834-92AE-1D96F698DF8B}.Debug|x64.Build.0 = Debug|x64
		{DC2D80DD-B1D7-4834-92AE-1D96F698DF8B}.Debug|Win32.ActiveCfg = Debug|Win32
		{DC2D80DD-B1D7-4834-92AE-1D96F698DF8B}.Debug|Win32.Build.0 = Debug|Win32
		{DC2D80DD-B1D7-4834-92AE-1D96F698DF8B}.Profile|x64.ActiveCfg = Release|x64
		{DC2D80DD-B1D7-4834-92AE-1D96F698DF8B}.Profile|x64.Build.0 = Release|x64
		{DC2D80DD-B1D7-4834-92AE-1D96F698DF8B}.Profile|Win32.ActiveCfg = Release|Win32
		{DC2D80DD-B1D7-4834-92AE-1D96F698DF8B}.Profile|Win32.Build.0 = Release|Win32
		{DC2D80DD-B1D7-4834-92AE-1D96F698DF8B}.Release|x64.ActiveCfg = Release|x64
		{DC2D80DD-B1D7-4834-92AE-1D96F698DF8B}.Release|x64.Build.0 = Release|x64
		{DC2D80DD-B1D7-4834-92AE-1D96F698DF8B}.Release|Win32.ActiveCfg = Release|Win32
		{DC2D80DD-B1D7-4834-92AE-1D96F698DF8B}.Release|Win32.Build.0 = Release|Win32
		{85344B7F-5AA0-4E12-A065-D1333D11F6CA}.Debug|x64.ActiveCfg = Debug|x64
		{85344B7F-5AA0-4E12-A065-D1333D11F6CA}.Debug|x64.Build.0 = Debug|x64
		{85344B7F-5AA0-4E12-A065-D1333D11F6CA}.Debug|Win32.ActiveCfg = Debug|Win32
		{85344B7F-5AA0-4E12-A065-D1333D11F6CA}.Debug|Win32.Build.0 = Debug|Win32
		{85344B7F-5AA0-4E12-A065-D1333D11F6CA}.Profile|x64.ActiveCfg = Profile|x64
		{85344B7F-5AA0-4E12-A065-D1333D11F6CA}.Profile|x64.Build.0 = Profile|x64
		{85344B7F-5AA0-4E12-A065-D1333D11F6CA}.Profile|Win32.ActiveCfg = Profile|Win32
		{85344B7F-5AA0-4E12-A065-D1333D11F6CA}.Profile|Win32.Build.0 = Profile|Win32
		{85344B7F-5AA0-4E12-A065-D1333D11F6CA}.Release|x64.ActiveCfg = Release|x64
		{85344B7F-5AA0-4E12-A065-D1333D11F6CA}.Release|x64.Build.0 = Release|x64
		{85344B7F-5AA0-4E12-A065-D1333D11F6CA}.Release|Win32.ActiveCfg = Release|Win32
		{85344B7F-5AA0-4E12-A065-D1333D11F6CA}.Release|Win32.Build.0 = Release|Win32
		{61B333C2-C4F7-4CC1-A9BF-83F6D95588EB}.Debug|x64.ActiveCfg = Debug|x64
		{61B333C2-C4F7-4CC1-A9BF-83F6D95588EB}.Debug|x64.Build.0 = Debug|x64
		{61B333C2-C4F7-4CC1-A9BF-83F6D95588EB}.Debug|Win32.ActiveCfg = Debug|Win32
		{61B333C2-C4F7-4CC1-A9BF-83F6D95588EB}.Debug|Win32.Build.0 = Debug|Win32
		{61B333C2-C4F7-4CC1-A9BF-83F6D95588EB}.Profile|x64.ActiveCfg = Profile|x64
		{61B333C2-C4F7-4CC1-A9BF-83F6D95588EB}.Profile|x64.Build.0 = Profile|x64
		{61B333C2-C4F7-4CC1-A9BF-83F6D95588EB}.Profile|Win32.ActiveCfg = Profile|Win32
		{61B333C2-C4F7-4CC1-A9BF-83F6D95588EB}.Profile|Win32.Build.0 = Profile|Win32
		{61B333C2-C4F7-4CC1-A9BF-83F6D95588EB}.Release|x64.ActiveCfg = Release|x64
		{61B333C2-C4F7-4CC1-A9BF-83F6D95588EB}.Release|x64.Build.0 = Release|x64
		{61B333C2-C4F7-4CC1-A9BF-83F6D95588EB}.Release|Win32.ActiveCfg = Release|Win32
		{61B333C2-C4F7-4CC1-A9BF-83F6D95588EB}.Release|Win32.Build.0 = Release|Win32
		{E50139B8-EBD4-4137-B29C-A343E7B8A527}.Debug|x64.ActiveCfg = Debug|x64
		{E50139B8-EBD4-4137-B29C-A343E7B8A527}.Debug|x64.Build.0 = Debug|x64
		{E50139B8-EBD4-4137-B29C-A343E7B8A527}.Debug|Win32.ActiveCfg = Debug|Win32
		{E50139B8-EBD4-4137-B29C-A343E7B8A527}.Debug|Win32.Build.0 = Debug|Win32
		{E50139B8-EBD4-4137-B29C-A343E7B8A527}.Profile|x64.ActiveCfg = Release|x64
		{E50139B8-EBD4-4137-B29C-A343E7B8A527}.Profile|x64.Build.0 = Release|x64
		{E50139B8-EBD4-4137-B29C-A343E7B8A527}.Profile|Win32.ActiveCfg = Release|Win32
		{E50139B8-EBD4-4137-B29C-A343E7B8A527}.Profile|Win32.Build.0 = Release|Win32
		{E50139B8-EBD4-4137-B29C-A343E7B8A527}.Release|x64.ActiveCfg = Release|x64
		{E50139B8-EBD4-4137-B29C-A343E7B8A527}.Release|x64.Build.0 = Release|x64
		{E50139B8-EBD4-4137-B29C-A343E7B8A527}.Release|Win32.ActiveCfg = Release|Win32
		{E50139B8-EBD4-4137-B29C-A343E7B8A527}.Release|Win32.Build.0 = Release|Win32
		{C7AB4186-54B2-4244-A533-77494763EA1D}.Debug|x64.ActiveCfg = Debug|x64
		{C7AB4186-54B2-4244-A533-77494763EA1D}.Debug|x64.Build.0 = Debug|x64
		{C7AB4186-54B2-4244-A533-77494763EA1D}.Debug|Win32.ActiveCfg = Debug|Win32
		{C7AB4186-54B2-4244-A533-77494763EA1D}.Debug|Win32.Build.0 = Debug|Win32
		{C7AB4186-54B2-4244-A533-77494763EA1D}.Profile|x64.ActiveCfg = Release|x64
		{C7AB4186-54B2-4244-A533-77494763EA1D}.Profile|x64.Build.0 = Release|x64
		{C7AB4186-54B2-4244-A533-77494763EA1D}.Profile|Win32.ActiveCfg = Release|Win32
		{C7AB4186-54B2-4244-A533-77494763EA1D}.Profile|Win32.Build.0 = Release|Win32
		{C7AB4186-54B2-4244-A533-77494763EA1D}.Release|x64.ActiveCfg = Release|x64
		{C7AB4186-54B2-4244-A533-77494763EA1D}.Release|x64.Build.0 = Release|x64
		{C7AB4186-54B2-4244-A533-77494763EA1D}.Release|Win32.ActiveCfg = Release|Win32
		{C7AB4186-54B2-4244-A533-77494763EA1D}.Release|Win32.Build.0 = Release|Win32
		{728AEDE7-18AB-4C95-98C1-3030F948EBB8}.Debug|x64.ActiveCfg = Debug|x64
		{728AEDE7-18AB-4C95-98C1-3030F948EBB8}.Debug|x64.Build.0 = Debug|x64
		{728AEDE7-18AB-4C95-98C1-3030F948EBB8}.Debug|Win32.ActiveCfg = Debug|Win32
		{728AEDE7-18AB-4C95-98C1-3030F948EBB8}.Debug|Win32.Build.0 = Debug|Win32
		{728AEDE7-18AB-4C95-98C1-3030F948EBB8}.Profile|x64.ActiveCfg = Release|x64
		{728AEDE7-18AB-4C95-98C1-3030F948EBB8}.Profile|x64.Build.0 = Release|x64
		{728AEDE7-18AB-4C95-98C1-3030F948EBB8}.Profile|Win32.ActiveCfg = Release|Win32
		{728AEDE7-18AB-4C95-98C1-3030F948EBB8}.Profile|Win32.Build.0 = Release|Win32
		{728AEDE7-18AB-4C95-98C1-3030F948EBB8}.Release|x64.ActiveCfg = Release|x64
		{728AEDE7-18AB-4C95-98C1-3030F948EBB8}.Release|x64.Build.0 = Release|x64
		{728AEDE7-18AB-4C95-98C1-3030F948EBB8}.Release|Win32.ActiveCfg = Release|Win32
		{728AEDE7-18AB-4C95-98C1-3030F948EBB8}.Release|Win32.Build.0 = Release|Win32
	EndGlobalSection
	GlobalSection(SolutionProperties) = preSolution
		HideSolutionNode = FALSE
	EndGlobalSection
	GlobalSection(ExtensibilityGlobals) = postSolution
		SolutionGuid = {E765AFE8-C024-4BEB-9935-4B5E5E55AC4C}
	EndGlobalSection
EndGlobal
