
Microsoft Visual Studio Solution File, Format Version 12.00
# Visual Studio Version 16
VisualStudioVersion = 16.0.31019.35
MinimumVisualStudioVersion = 10.0.40219.1
Project("{8BC9CEB8-8B4A-11D0-8D11-00A0C91BC942}") = "BC6HBC7EncoderCS", "BC6HBC7EncoderCS_2019_Win10.vcxproj", "{9319900C-1B38-4F85-B8D2-B39F76178449}"
EndProject
Global
	GlobalSection(SolutionConfigurationPlatforms) = preSolution
		Debug|x64 = Debug|x64
		Debug|Win32 = Debug|Win32
		Release|x64 = Release|x64
		Release|Win32 = Release|Win32
	EndGlobalSection
	GlobalSection(ProjectConfigurationPlatforms) = postSolution
		{9319900C-1B38-4F85-B8D2-B39F76178449}.Debug|x64.ActiveCfg = Debug|x64
		{9319900C-1B38-4F85-B8D2-B39F76178449}.Debug|x64.Build.0 = Debug|x64
		{9319900C-1B38-4F85-B8D2-B39F76178449}.Debug|Win32.ActiveCfg = Debug|Win32
		{9319900C-1B38-4F85-B8D2-B39F76178449}.Debug|Win32.Build.0 = Debug|Win32
		{9319900C-1B38-4F85-B8D2-B39F76178449}.Release|x64.ActiveCfg = Release|x64
		{9319900C-1B38-4F85-B8D2-B39F76178449}.Release|x64.Build.0 = Release|x64
		{9319900C-1B38-4F85-B8D2-B39F76178449}.Release|Win32.ActiveCfg = Release|Win32
		{9319900C-1B38-4F85-B8D2-B39F76178449}.Release|Win32.Build.0 = Release|Win32
	EndGlobalSection
	GlobalSection(SolutionProperties) = preSolution
		HideSolutionNode = FALSE
	EndGlobalSection
	GlobalSection(ExtensibilityGlobals) = postSolution
		SolutionGuid = {7B2643C2-35C9-48BC-8FB3-2622F69F9DA2}
	EndGlobalSection
EndGlobal
