
Microsoft Visual Studio Solution File, Format Version 12.00
# Visual Studio Version 16
Project("{8BC9CEB8-8B4A-11D0-8D11-00A0C91BC942}") = "Tutorial01", "Tutorial01\Tutorial01_2019.vcxproj", "{06EDC280-1187-4614-A248-E640C095FA6B}"
EndProject
Project("{8BC9CEB8-8B4A-11D0-8D11-00A0C91BC942}") = "Tutorial02", "Tutorial02\Tutorial02_2019.vcxproj", "{28877253-3120-4098-86B8-BAAC1C0AF240}"
EndProject
Project("{8BC9CEB8-8B4A-11D0-8D11-00A0C91BC942}") = "Tutorial03", "Tutorial03\Tutorial03_2019.vcxproj", "{4D201D5F-2B78-4D13-9774-E77012EADEF1}"
EndProject
Project("{8BC9CEB8-8B4A-11D0-8D11-00A0C91BC942}") = "Tutorial04", "Tutorial04\Tutorial04_2019.vcxproj", "{B8FF81B5-9B26-4931-8353-07795FDC4043}"
EndProject
Project("{8BC9CEB8-8B4A-11D0-8D11-00A0C91BC942}") = "Tutorial05", "Tutorial05\Tutorial05_2019.vcxproj", "{EA744FDE-6588-4AA7-94BA-318D00E409DC}"
EndProject
Project("{8BC9CEB8-8B4A-11D0-8D11-00A0C91BC942}") = "Tutorial06", "Tutorial06\Tutorial06_2019.vcxproj", "{291B6A55-368E-4420-A0EB-FBE077B9F137}"
EndProject
Project("{8BC9CEB8-8B4A-11D0-8D11-00A0C91BC942}") = "Tutorial07", "Tutorial07\Tutorial07_2019.vcxproj", "{D29C6982-A589-4081-89B1-91E78D7C41E2}"
EndProject
Global
	GlobalSection(SolutionConfigurationPlatforms) = preSolution
		Debug|Win32 = Debug|Win32
		Debug|x64 = Debug|x64
		Profile|Win32 = Profile|Win32
		Profile|x64 = Profile|x64
		Release|Win32 = Release|Win32
		Release|x64 = Release|x64
	EndGlobalSection
	GlobalSection(ProjectConfigurationPlatforms) = postSolution
		{06EDC280-1187-4614-A248-E640C095FA6B}.Debug|Win32.ActiveCfg = Debug|Win32
		{06EDC280-1187-4614-A248-E640C095FA6B}.Debug|Win32.Build.0 = Debug|Win32
		{06EDC280-1187-4614-A248-E640C095FA6B}.Debug|Win32.Deploy.0 = Debug|Win32
		{06EDC280-1187-4614-A248-E640C095FA6B}.Debug|x64.ActiveCfg = Debug|x64
		{06EDC280-1187-4614-A248-E640C095FA6B}.Debug|x64.Build.0 = Debug|x64
		{06EDC280-1187-4614-A248-E640C095FA6B}.Debug|x64.Deploy.0 = Debug|x64
		{06EDC280-1187-4614-A248-E640C095FA6B}.Profile|Win32.ActiveCfg = Profile|Win32
		{06EDC280-1187-4614-A248-E640C095FA6B}.Profile|Win32.Build.0 = Profile|Win32
		{06EDC280-1187-4614-A248-E640C095FA6B}.Profile|Win32.Deploy.0 = Profile|Win32
		{06EDC280-1187-4614-A248-E640C095FA6B}.Profile|x64.ActiveCfg = Profile|x64
		{06EDC280-1187-4614-A248-E640C095FA6B}.Profile|x64.Build.0 = Profile|x64
		{06EDC280-1187-4614-A248-E640C095FA6B}.Profile|x64.Deploy.0 = Profile|x64
		{06EDC280-1187-4614-A248-E640C095FA6B}.Release|Win32.ActiveCfg = Release|Win32
		{06EDC280-1187-4614-A248-E640C095FA6B}.Release|Win32.Build.0 = Release|Win32
		{06EDC280-1187-4614-A248-E640C095FA6B}.Release|Win32.Deploy.0 = Release|Win32
		{06EDC280-1187-4614-A248-E640C095FA6B}.Release|x64.ActiveCfg = Release|x64
		{06EDC280-1187-4614-A248-E640C095FA6B}.Release|x64.Build.0 = Release|x64
		{06EDC280-1187-4614-A248-E640C095FA6B}.Release|x64.Deploy.0 = Release|x64
		{28877253-3120-4098-86B8-BAAC1C0AF240}.Debug|Win32.ActiveCfg = Debug|Win32
		{28877253-3120-4098-86B8-BAAC1C0AF240}.Debug|Win32.Build.0 = Debug|Win32
		{28877253-3120-4098-86B8-BAAC1C0AF240}.Debug|Win32.Deploy.0 = Debug|Win32
		{28877253-3120-4098-86B8-BAAC1C0AF240}.Debug|x64.ActiveCfg = Debug|x64
		{28877253-3120-4098-86B8-BAAC1C0AF240}.Debug|x64.Build.0 = Debug|x64
		{28877253-3120-4098-86B8-BAAC1C0AF240}.Debug|x64.Deploy.0 = Debug|x64
		{28877253-3120-4098-86B8-BAAC1C0AF240}.Profile|Win32.ActiveCfg = Profile|Win32
		{28877253-3120-4098-86B8-BAAC1C0AF240}.Profile|Win32.Build.0 = Profile|Win32
		{28877253-3120-4098-86B8-BAAC1C0AF240}.Profile|Win32.Deploy.0 = Profile|Win32
		{28877253-3120-4098-86B8-BAAC1C0AF240}.Profile|x64.ActiveCfg = Profile|x64
		{28877253-3120-4098-86B8-BAAC1C0AF240}.Profile|x64.Build.0 = Profile|x64
		{28877253-3120-4098-86B8-BAAC1C0AF240}.Profile|x64.Deploy.0 = Profile|x64
		{28877253-3120-4098-86B8-BAAC1C0AF240}.Release|Win32.ActiveCfg = Release|Win32
		{28877253-3120-4098-86B8-BAAC1C0AF240}.Release|Win32.Build.0 = Release|Win32
		{28877253-3120-4098-86B8-BAAC1C0AF240}.Release|Win32.Deploy.0 = Release|Win32
		{28877253-3120-4098-86B8-BAAC1C0AF240}.Release|x64.ActiveCfg = Release|x64
		{28877253-3120-4098-86B8-BAAC1C0AF240}.Release|x64.Build.0 = Release|x64
		{28877253-3120-4098-86B8-BAAC1C0AF240}.Release|x64.Deploy.0 = Release|x64
		{4D201D5F-2B78-4D13-9774-E77012EADEF1}.Debug|Win32.ActiveCfg = Debug|Win32
		{4D201D5F-2B78-4D13-9774-E77012EADEF1}.Debug|Win32.Build.0 = Debug|Win32
		{4D201D5F-2B78-4D13-9774-E77012EADEF1}.Debug|Win32.Deploy.0 = Debug|Win32
		{4D201D5F-2B78-4D13-9774-E77012EADEF1}.Debug|x64.ActiveCfg = Debug|x64
		{4D201D5F-2B78-4D13-9774-E77012EADEF1}.Debug|x64.Build.0 = Debug|x64
		{4D201D5F-2B78-4D13-9774-E77012EADEF1}.Debug|x64.Deploy.0 = Debug|x64
		{4D201D5F-2B78-4D13-9774-E77012EADEF1}.Profile|Win32.ActiveCfg = Profile|Win32
		{4D201D5F-2B78-4D13-9774-E77012EADEF1}.Profile|Win32.Build.0 = Profile|Win32
		{4D201D5F-2B78-4D13-9774-E77012EADEF1}.Profile|Win32.Deploy.0 = Profile|Win32
		{4D201D5F-2B78-4D13-9774-E77012EADEF1}.Profile|x64.ActiveCfg = Profile|x64
		{4D201D5F-2B78-4D13-9774-E77012EADEF1}.Profile|x64.Build.0 = Profile|x64
		{4D201D5F-2B78-4D13-9774-E77012EADEF1}.Profile|x64.Deploy.0 = Profile|x64
		{4D201D5F-2B78-4D13-9774-E77012EADEF1}.Release|Win32.ActiveCfg = Release|Win32
		{4D201D5F-2B78-4D13-9774-E77012EADEF1}.Release|Win32.Build.0 = Release|Win32
		{4D201D5F-2B78-4D13-9774-E77012EADEF1}.Release|Win32.Deploy.0 = Release|Win32
		{4D201D5F-2B78-4D13-9774-E77012EADEF1}.Release|x64.ActiveCfg = Release|x64
		{4D201D5F-2B78-4D13-9774-E77012EADEF1}.Release|x64.Build.0 = Release|x64
		{4D201D5F-2B78-4D13-9774-E77012EADEF1}.Release|x64.Deploy.0 = Release|x64
		{B8FF81B5-9B26-4931-8353-07795FDC4043}.Debug|Win32.ActiveCfg = Debug|Win32
		{B8FF81B5-9B26-4931-8353-07795FDC4043}.Debug|Win32.Build.0 = Debug|Win32
		{B8FF81B5-9B26-4931-8353-07795FDC4043}.Debug|Win32.Deploy.0 = Debug|Win32
		{B8FF81B5-9B26-4931-8353-07795FDC4043}.Debug|x64.ActiveCfg = Debug|x64
		{B8FF81B5-9B26-4931-8353-07795FDC4043}.Debug|x64.Build.0 = Debug|x64
		{B8FF81B5-9B26-4931-8353-07795FDC4043}.Debug|x64.Deploy.0 = Debug|x64
		{B8FF81B5-9B26-4931-8353-07795FDC4043}.Profile|Win32.ActiveCfg = Profile|Win32
		{B8FF81B5-9B26-4931-8353-07795FDC4043}.Profile|Win32.Build.0 = Profile|Win32
		{B8FF81B5-9B26-4931-8353-07795FDC4043}.Profile|Win32.Deploy.0 = Profile|Win32
		{B8FF81B5-9B26-4931-8353-07795FDC4043}.Profile|x64.ActiveCfg = Profile|x64
		{B8FF81B5-9B26-4931-8353-07795FDC4043}.Profile|x64.Build.0 = Profile|x64
		{B8FF81B5-9B26-4931-8353-07795FDC4043}.Profile|x64.Deploy.0 = Profile|x64
		{B8FF81B5-9B26-4931-8353-07795FDC4043}.Release|Win32.ActiveCfg = Release|Win32
		{B8FF81B5-9B26-4931-8353-07795FDC4043}.Release|Win32.Build.0 = Release|Win32
		{B8FF81B5-9B26-4931-8353-07795FDC4043}.Release|Win32.Deploy.0 = Release|Win32
		{B8FF81B5-9B26-4931-8353-07795FDC4043}.Release|x64.ActiveCfg = Release|x64
		{B8FF81B5-9B26-4931-8353-07795FDC4043}.Release|x64.Build.0 = Release|x64
		{B8FF81B5-9B26-4931-8353-07795FDC4043}.Release|x64.Deploy.0 = Release|x64
		{EA744FDE-6588-4AA7-94BA-318D00E409DC}.Debug|Win32.ActiveCfg = Debug|Win32
		{EA744FDE-6588-4AA7-94BA-318D00E409DC}.Debug|Win32.Build.0 = Debug|Win32
		{EA744FDE-6588-4AA7-94BA-318D00E409DC}.Debug|Win32.Deploy.0 = Debug|Win32
		{EA744FDE-6588-4AA7-94BA-318D00E409DC}.Debug|x64.ActiveCfg = Debug|x64
		{EA744FDE-6588-4AA7-94BA-318D00E409DC}.Debug|x64.Build.0 = Debug|x64
		{EA744FDE-6588-4AA7-94BA-318D00E409DC}.Debug|x64.Deploy.0 = Debug|x64
		{EA744FDE-6588-4AA7-94BA-318D00E409DC}.Profile|Win32.ActiveCfg = Profile|Win32
		{EA744FDE-6588-4AA7-94BA-318D00E409DC}.Profile|Win32.Build.0 = Profile|Win32
		{EA744FDE-6588-4AA7-94BA-318D00E409DC}.Profile|Win32.Deploy.0 = Profile|Win32
		{EA744FDE-6588-4AA7-94BA-318D00E409DC}.Profile|x64.ActiveCfg = Profile|x64
		{EA744FDE-6588-4AA7-94BA-318D00E409DC}.Profile|x64.Build.0 = Profile|x64
		{EA744FDE-6588-4AA7-94BA-318D00E409DC}.Profile|x64.Deploy.0 = Profile|x64
		{EA744FDE-6588-4AA7-94BA-318D00E409DC}.Release|Win32.ActiveCfg = Release|Win32
		{EA744FDE-6588-4AA7-94BA-318D00E409DC}.Release|Win32.Build.0 = Release|Win32
		{EA744FDE-6588-4AA7-94BA-318D00E409DC}.Release|Win32.Deploy.0 = Release|Win32
		{EA744FDE-6588-4AA7-94BA-318D00E409DC}.Release|x64.ActiveCfg = Release|x64
		{EA744FDE-6588-4AA7-94BA-318D00E409DC}.Release|x64.Build.0 = Release|x64
		{EA744FDE-6588-4AA7-94BA-318D00E409DC}.Release|x64.Deploy.0 = Release|x64
		{291B6A55-368E-4420-A0EB-FBE077B9F137}.Debug|Win32.ActiveCfg = Debug|Win32
		{291B6A55-368E-4420-A0EB-FBE077B9F137}.Debug|Win32.Build.0 = Debug|Win32
		{291B6A55-368E-4420-A0EB-FBE077B9F137}.Debug|Win32.Deploy.0 = Debug|Win32
		{291B6A55-368E-4420-A0EB-FBE077B9F137}.Debug|x64.ActiveCfg = Debug|x64
		{291B6A55-368E-4420-A0EB-FBE077B9F137}.Debug|x64.Build.0 = Debug|x64
		{291B6A55-368E-4420-A0EB-FBE077B9F137}.Debug|x64.Deploy.0 = Debug|x64
		{291B6A55-368E-4420-A0EB-FBE077B9F137}.Profile|Win32.ActiveCfg = Profile|Win32
		{291B6A55-368E-4420-A0EB-FBE077B9F137}.Profile|Win32.Build.0 = Profile|Win32
		{291B6A55-368E-4420-A0EB-FBE077B9F137}.Profile|Win32.Deploy.0 = Profile|Win32
		{291B6A55-368E-4420-A0EB-FBE077B9F137}.Profile|x64.ActiveCfg = Profile|x64
		{291B6A55-368E-4420-A0EB-FBE077B9F137}.Profile|x64.Build.0 = Profile|x64
		{291B6A55-368E-4420-A0EB-FBE077B9F137}.Profile|x64.Deploy.0 = Profile|x64
		{291B6A55-368E-4420-A0EB-FBE077B9F137}.Release|Win32.ActiveCfg = Release|Win32
		{291B6A55-368E-4420-A0EB-FBE077B9F137}.Release|Win32.Build.0 = Release|Win32
		{291B6A55-368E-4420-A0EB-FBE077B9F137}.Release|Win32.Deploy.0 = Release|Win32
		{291B6A55-368E-4420-A0EB-FBE077B9F137}.Release|x64.ActiveCfg = Release|x64
		{291B6A55-368E-4420-A0EB-FBE077B9F137}.Release|x64.Build.0 = Release|x64
		{291B6A55-368E-4420-A0EB-FBE077B9F137}.Release|x64.Deploy.0 = Release|x64
		{D29C6982-A589-4081-89B1-91E78D7C41E2}.Debug|Win32.ActiveCfg = Debug|Win32
		{D29C6982-A589-4081-89B1-91E78D7C41E2}.Debug|Win32.Build.0 = Debug|Win32
		{D29C6982-A589-4081-89B1-91E78D7C41E2}.Debug|Win32.Deploy.0 = Debug|Win32
		{D29C6982-A589-4081-89B1-91E78D7C41E2}.Debug|x64.ActiveCfg = Debug|x64
		{D29C6982-A589-4081-89B1-91E78D7C41E2}.Debug|x64.Build.0 = Debug|x64
		{D29C6982-A589-4081-89B1-91E78D7C41E2}.Debug|x64.Deploy.0 = Debug|x64
		{D29C6982-A589-4081-89B1-91E78D7C41E2}.Profile|Win32.ActiveCfg = Profile|Win32
		{D29C6982-A589-4081-89B1-91E78D7C41E2}.Profile|Win32.Build.0 = Profile|Win32
		{D29C6982-A589-4081-89B1-91E78D7C41E2}.Profile|Win32.Deploy.0 = Profile|Win32
		{D29C6982-A589-4081-89B1-91E78D7C41E2}.Profile|x64.ActiveCfg = Profile|x64
		{D29C6982-A589-4081-89B1-91E78D7C41E2}.Profile|x64.Build.0 = Profile|x64
		{D29C6982-A589-4081-89B1-91E78D7C41E2}.Profile|x64.Deploy.0 = Profile|x64
		{D29C6982-A589-4081-89B1-91E78D7C41E2}.Release|Win32.ActiveCfg = Release|Win32
		{D29C6982-A589-4081-89B1-91E78D7C41E2}.Release|Win32.Build.0 = Release|Win32
		{D29C6982-A589-4081-89B1-91E78D7C41E2}.Release|Win32.Deploy.0 = Release|Win32
		{D29C6982-A589-4081-89B1-91E78D7C41E2}.Release|x64.ActiveCfg = Release|x64
		{D29C6982-A589-4081-89B1-91E78D7C41E2}.Release|x64.Build.0 = Release|x64
		{D29C6982-A589-4081-89B1-91E78D7C41E2}.Release|x64.Deploy.0 = Release|x64
	EndGlobalSection
	GlobalSection(SolutionProperties) = preSolution
		HideSolutionNode = FALSE
	EndGlobalSection
EndGlobal
